
Microsoft Visual Studio Solution File, Format Version 12.00
# Visual Studio Version 17
VisualStudioVersion = 17.10.34928.147
MinimumVisualStudioVersion = 10.0.40219.1
Project("{9A19103F-16F7-4668-BE54-9A1E7A4F7556}") = "Demo", "day 02\Demo\Demo.csproj", "{E0AD469E-2A6F-409C-8CB9-2DDFB84566DA}"
EndProject
Project("{9A19103F-16F7-4668-BE54-9A1E7A4F7556}") = "Assignment", "day 02\Assignment\Assignment.csproj", "{48165AF5-E73B-4732-A241-2635A6B71CAA}"
EndProject
Global
	GlobalSection(SolutionConfigurationPlatforms) = preSolution
		Debug|Any CPU = Debug|Any CPU
		Release|Any CPU = Release|Any CPU
	EndGlobalSection
	GlobalSection(ProjectConfigurationPlatforms) = postSolution
		{E0AD469E-2A6F-409C-8CB9-2DDFB84566DA}.Debug|Any CPU.ActiveCfg = Debug|Any CPU
		{E0AD469E-2A6F-409C-8CB9-2DDFB84566DA}.Debug|Any CPU.Build.0 = Debug|Any CPU
		{E0AD469E-2A6F-409C-8CB9-2DDFB84566DA}.Release|Any CPU.ActiveCfg = Release|Any CPU
		{E0AD469E-2A6F-409C-8CB9-2DDFB84566DA}.Release|Any CPU.Build.0 = Release|Any CPU
		{48165AF5-E73B-4732-A241-2635A6B71CAA}.Debug|Any CPU.ActiveCfg = Debug|Any CPU
		{48165AF5-E73B-4732-A241-2635A6B71CAA}.Debug|Any CPU.Build.0 = Debug|Any CPU
		{48165AF5-E73B-4732-A241-2635A6B71CAA}.Release|Any CPU.ActiveCfg = Release|Any CPU
		{48165AF5-E73B-4732-A241-2635A6B71CAA}.Release|Any CPU.Build.0 = Release|Any CPU
	EndGlobalSection
	GlobalSection(SolutionProperties) = preSolution
		HideSolutionNode = FALSE
	EndGlobalSection
	GlobalSection(ExtensibilityGlobals) = postSolution
		SolutionGuid = {9D0F50DB-E308-4BC7-A046-AFF9619A28C6}
	EndGlobalSection
EndGlobal
